// !$*UTF8*$!
{
	archiveVersion = 1;
	classes = {
	};
	objectVersion = 50;
	objects = {

/* Begin PBXBuildFile section */
		617B3EDEB9A1217197B3EA8C /* Pods_cocoapods.framework in Frameworks */ = {isa = PBXBuildFile; fileRef = A2457216F27B8FA5331BA8F1 /* Pods_cocoapods.framework */; };
		CECA2E5225FBF87A0060259E /* cocoapodsApp.swift in Sources */ = {isa = PBXBuildFile; fileRef = CECA2E5125FBF87A0060259E /* cocoapodsApp.swift */; };
		CECA2E5425FBF87A0060259E /* ContentView.swift in Sources */ = {isa = PBXBuildFile; fileRef = CECA2E5325FBF87A0060259E /* ContentView.swift */; };
		CECA2E5625FBF87C0060259E /* Assets.xcassets in Resources */ = {isa = PBXBuildFile; fileRef = CECA2E5525FBF87C0060259E /* Assets.xcassets */; };
		CECA2E5925FBF87C0060259E /* Preview Assets.xcassets in Resources */ = {isa = PBXBuildFile; fileRef = CECA2E5825FBF87C0060259E /* Preview Assets.xcassets */; };
/* End PBXBuildFile section */

/* Begin PBXFileReference section */
		10E750179EBA1E2F51CDD644 /* Pods-cocoapods.release.xcconfig */ = {isa = PBXFileReference; includeInIndex = 1; lastKnownFileType = text.xcconfig; name = "Pods-cocoapods.release.xcconfig"; path = "Target Support Files/Pods-cocoapods/Pods-cocoapods.release.xcconfig"; sourceTree = "<group>"; };
		1B6FF7FB67A1E31540E85942 /* Pods-cocoapods.debug.xcconfig */ = {isa = PBXFileReference; includeInIndex = 1; lastKnownFileType = text.xcconfig; name = "Pods-cocoapods.debug.xcconfig"; path = "Target Support Files/Pods-cocoapods/Pods-cocoapods.debug.xcconfig"; sourceTree = "<group>"; };
		A2457216F27B8FA5331BA8F1 /* Pods_cocoapods.framework */ = {isa = PBXFileReference; explicitFileType = wrapper.framework; includeInIndex = 0; path = Pods_cocoapods.framework; sourceTree = BUILT_PRODUCTS_DIR; };
		CECA2E4E25FBF87A0060259E /* cocoapods.app */ = {isa = PBXFileReference; explicitFileType = wrapper.application; includeInIndex = 0; path = cocoapods.app; sourceTree = BUILT_PRODUCTS_DIR; };
		CECA2E5125FBF87A0060259E /* cocoapodsApp.swift */ = {isa = PBXFileReference; lastKnownFileType = sourcecode.swift; path = cocoapodsApp.swift; sourceTree = "<group>"; };
		CECA2E5325FBF87A0060259E /* ContentView.swift */ = {isa = PBXFileReference; lastKnownFileType = sourcecode.swift; path = ContentView.swift; sourceTree = "<group>"; };
		CECA2E5525FBF87C0060259E /* Assets.xcassets */ = {isa = PBXFileReference; lastKnownFileType = folder.assetcatalog; path = Assets.xcassets; sourceTree = "<group>"; };
		CECA2E5825FBF87C0060259E /* Preview Assets.xcassets */ = {isa = PBXFileReference; lastKnownFileType = folder.assetcatalog; path = "Preview Assets.xcassets"; sourceTree = "<group>"; };
		CECA2E5A25FBF87C0060259E /* Info.plist */ = {isa = PBXFileReference; lastKnownFileType = text.plist.xml; path = Info.plist; sourceTree = "<group>"; };
/* End PBXFileReference section */

/* Begin PBXFrameworksBuildPhase section */
		CECA2E4B25FBF87A0060259E /* Frameworks */ = {
			isa = PBXFrameworksBuildPhase;
			buildActionMask = 2147483647;
			files = (
				617B3EDEB9A1217197B3EA8C /* Pods_cocoapods.framework in Frameworks */,
			);
			runOnlyForDeploymentPostprocessing = 0;
		};
/* End PBXFrameworksBuildPhase section */

/* Begin PBXGroup section */
		147B1F3965E8DB4EEADE7342 /* Pods */ = {
			isa = PBXGroup;
			children = (
				1B6FF7FB67A1E31540E85942 /* Pods-cocoapods.debug.xcconfig */,
				10E750179EBA1E2F51CDD644 /* Pods-cocoapods.release.xcconfig */,
			);
			name = Pods;
			path = Pods;
			sourceTree = "<group>";
		};
		625CC6C042B36ECCF72538AE /* Frameworks */ = {
			isa = PBXGroup;
			children = (
				A2457216F27B8FA5331BA8F1 /* Pods_cocoapods.framework */,
			);
			name = Frameworks;
			sourceTree = "<group>";
		};
		CECA2E4525FBF87A0060259E = {
			isa = PBXGroup;
			children = (
				CECA2E5025FBF87A0060259E /* cocoapods */,
				CECA2E4F25FBF87A0060259E /* Products */,
				147B1F3965E8DB4EEADE7342 /* Pods */,
				625CC6C042B36ECCF72538AE /* Frameworks */,
			);
			sourceTree = "<group>";
		};
		CECA2E4F25FBF87A0060259E /* Products */ = {
			isa = PBXGroup;
			children = (
				CECA2E4E25FBF87A0060259E /* cocoapods.app */,
			);
			name = Products;
			sourceTree = "<group>";
		};
		CECA2E5025FBF87A0060259E /* cocoapods */ = {
			isa = PBXGroup;
			children = (
				CECA2E5125FBF87A0060259E /* cocoapodsApp.swift */,
				CECA2E5325FBF87A0060259E /* ContentView.swift */,
				CECA2E5525FBF87C0060259E /* Assets.xcassets */,
				CECA2E5A25FBF87C0060259E /* Info.plist */,
				CECA2E5725FBF87C0060259E /* Preview Content */,
			);
			path = cocoapods;
			sourceTree = "<group>";
		};
		CECA2E5725FBF87C0060259E /* Preview Content */ = {
			isa = PBXGroup;
			children = (
				CECA2E5825FBF87C0060259E /* Preview Assets.xcassets */,
			);
			path = "Preview Content";
			sourceTree = "<group>";
		};
/* End PBXGroup section */

/* Begin PBXNativeTarget section */
		CECA2E4D25FBF87A0060259E /* cocoapods */ = {
			isa = PBXNativeTarget;
			buildConfigurationList = CECA2E5D25FBF87C0060259E /* Build configuration list for PBXNativeTarget "cocoapods" */;
			buildPhases = (
				4100CE116975BF8125FDA1C6 /* [CP] Check Pods Manifest.lock */,
				CECA2E4A25FBF87A0060259E /* Sources */,
				CECA2E4B25FBF87A0060259E /* Frameworks */,
				CECA2E4C25FBF87A0060259E /* Resources */,
				117D994895735AC42F68FEC7 /* [CP] Embed Pods Frameworks */,
			);
			buildRules = (
			);
			dependencies = (
			);
			name = cocoapods;
			productName = cocoapods;
			productReference = CECA2E4E25FBF87A0060259E /* cocoapods.app */;
			productType = "com.apple.product-type.application";
		};
/* End PBXNativeTarget section */

/* Begin PBXProject section */
		CECA2E4625FBF87A0060259E /* Project object */ = {
			isa = PBXProject;
			attributes = {
				LastSwiftUpdateCheck = 1240;
				LastUpgradeCheck = 1240;
				TargetAttributes = {
					CECA2E4D25FBF87A0060259E = {
						CreatedOnToolsVersion = 12.4;
					};
				};
			};
			buildConfigurationList = CECA2E4925FBF87A0060259E /* Build configuration list for PBXProject "cocoapods" */;
			compatibilityVersion = "Xcode 9.3";
			developmentRegion = en;
			hasScannedForEncodings = 0;
			knownRegions = (
				en,
				Base,
			);
			mainGroup = CECA2E4525FBF87A0060259E;
			productRefGroup = CECA2E4F25FBF87A0060259E /* Products */;
			projectDirPath = "";
			projectRoot = "";
			targets = (
				CECA2E4D25FBF87A0060259E /* cocoapods */,
			);
		};
/* End PBXProject section */

/* Begin PBXResourcesBuildPhase section */
		CECA2E4C25FBF87A0060259E /* Resources */ = {
			isa = PBXResourcesBuildPhase;
			buildActionMask = 2147483647;
			files = (
				CECA2E5925FBF87C0060259E /* Preview Assets.xcassets in Resources */,
				CECA2E5625FBF87C0060259E /* Assets.xcassets in Resources */,
			);
			runOnlyForDeploymentPostprocessing = 0;
		};
/* End PBXResourcesBuildPhase section */

/* Begin PBXShellScriptBuildPhase section */
		117D994895735AC42F68FEC7 /* [CP] Embed Pods Frameworks */ = {
			isa = PBXShellScriptBuildPhase;
			buildActionMask = 2147483647;
			files = (
			);
			inputFileListPaths = (
				"${PODS_ROOT}/Target Support Files/Pods-cocoapods/Pods-cocoapods-frameworks-${CONFIGURATION}-input-files.xcfilelist",
			);
			name = "[CP] Embed Pods Frameworks";
			outputFileListPaths = (
				"${PODS_ROOT}/Target Support Files/Pods-cocoapods/Pods-cocoapods-frameworks-${CONFIGURATION}-output-files.xcfilelist",
			);
			runOnlyForDeploymentPostprocessing = 0;
			shellPath = /bin/sh;
			shellScript = "\"${PODS_ROOT}/Target Support Files/Pods-cocoapods/Pods-cocoapods-frameworks.sh\"\n";
			showEnvVarsInLog = 0;
		};
		4100CE116975BF8125FDA1C6 /* [CP] Check Pods Manifest.lock */ = {
			isa = PBXShellScriptBuildPhase;
			buildActionMask = 2147483647;
			files = (
			);
			inputFileListPaths = (
			);
			inputPaths = (
				"${PODS_PODFILE_DIR_PATH}/Podfile.lock",
				"${PODS_ROOT}/Manifest.lock",
			);
			name = "[CP] Check Pods Manifest.lock";
			outputFileListPaths = (
			);
			outputPaths = (
				"$(DERIVED_FILE_DIR)/Pods-cocoapods-checkManifestLockResult.txt",
			);
			runOnlyForDeploymentPostprocessing = 0;
			shellPath = /bin/sh;
			shellScript = "diff \"${PODS_PODFILE_DIR_PATH}/Podfile.lock\" \"${PODS_ROOT}/Manifest.lock\" > /dev/null\nif [ $? != 0 ] ; then\n    # print error to STDERR\n    echo \"error: The sandbox is not in sync with the Podfile.lock. Run 'pod install' or update your CocoaPods installation.\" >&2\n    exit 1\nfi\n# This output is used by Xcode 'outputs' to avoid re-running this script phase.\necho \"SUCCESS\" > \"${SCRIPT_OUTPUT_FILE_0}\"\n";
			showEnvVarsInLog = 0;
		};
/* End PBXShellScriptBuildPhase section */

/* Begin PBXSourcesBuildPhase section */
		CECA2E4A25FBF87A0060259E /* Sources */ = {
			isa = PBXSourcesBuildPhase;
			buildActionMask = 2147483647;
			files = (
				CECA2E5425FBF87A0060259E /* ContentView.swift in Sources */,
				CECA2E5225FBF87A0060259E /* cocoapodsApp.swift in Sources */,
			);
			runOnlyForDeploymentPostprocessing = 0;
		};
/* End PBXSourcesBuildPhase section */

/* Begin XCBuildConfiguration section */
		CECA2E5B25FBF87C0060259E /* Debug */ = {
			isa = XCBuildConfiguration;
			buildSettings = {
				ALWAYS_SEARCH_USER_PATHS = NO;
				CLANG_ANALYZER_NONNULL = YES;
				CLANG_ANALYZER_NUMBER_OBJECT_CONVERSION = YES_AGGRESSIVE;
				CLANG_CXX_LANGUAGE_STANDARD = "gnu++14";
				CLANG_CXX_LIBRARY = "libc++";
				CLANG_ENABLE_MODULES = YES;
				CLANG_ENABLE_OBJC_ARC = YES;
				CLANG_ENABLE_OBJC_WEAK = YES;
				CLANG_WARN_BLOCK_CAPTURE_AUTORELEASING = YES;
				CLANG_WARN_BOOL_CONVERSION = YES;
				CLANG_WARN_COMMA = YES;
				CLANG_WARN_CONSTANT_CONVERSION = YES;
				CLANG_WARN_DEPRECATED_OBJC_IMPLEMENTATIONS = YES;
				CLANG_WARN_DIRECT_OBJC_ISA_USAGE = YES_ERROR;
				CLANG_WARN_DOCUMENTATION_COMMENTS = YES;
				CLANG_WARN_EMPTY_BODY = YES;
				CLANG_WARN_ENUM_CONVERSION = YES;
				CLANG_WARN_INFINITE_RECURSION = YES;
				CLANG_WARN_INT_CONVERSION = YES;
				CLANG_WARN_NON_LITERAL_NULL_CONVERSION = YES;
				CLANG_WARN_OBJC_IMPLICIT_RETAIN_SELF = YES;
				CLANG_WARN_OBJC_LITERAL_CONVERSION = YES;
				CLANG_WARN_OBJC_ROOT_CLASS = YES_ERROR;
				CLANG_WARN_QUOTED_INCLUDE_IN_FRAMEWORK_HEADER = YES;
				CLANG_WARN_RANGE_LOOP_ANALYSIS = YES;
				CLANG_WARN_STRICT_PROTOTYPES = YES;
				CLANG_WARN_SUSPICIOUS_MOVE = YES;
				CLANG_WARN_UNGUARDED_AVAILABILITY = YES_AGGRESSIVE;
				CLANG_WARN_UNREACHABLE_CODE = YES;
				CLANG_WARN__DUPLICATE_METHOD_MATCH = YES;
				COPY_PHASE_STRIP = NO;
				DEBUG_INFORMATION_FORMAT = dwarf;
				ENABLE_STRICT_OBJC_MSGSEND = YES;
				ENABLE_TESTABILITY = YES;
				GCC_C_LANGUAGE_STANDARD = gnu11;
				GCC_DYNAMIC_NO_PIC = NO;
				GCC_NO_COMMON_BLOCKS = YES;
				GCC_OPTIMIZATION_LEVEL = 0;
				GCC_PREPROCESSOR_DEFINITIONS = (
					"DEBUG=1",
					"$(inherited)",
				);
				GCC_WARN_64_TO_32_BIT_CONVERSION = YES;
				GCC_WARN_ABOUT_RETURN_TYPE = YES_ERROR;
				GCC_WARN_UNDECLARED_SELECTOR = YES;
				GCC_WARN_UNINITIALIZED_AUTOS = YES_AGGRESSIVE;
				GCC_WARN_UNUSED_FUNCTION = YES;
				GCC_WARN_UNUSED_VARIABLE = YES;
				IPHONEOS_DEPLOYMENT_TARGET = 14.4;
				MTL_ENABLE_DEBUG_INFO = INCLUDE_SOURCE;
				MTL_FAST_MATH = YES;
				ONLY_ACTIVE_ARCH = YES;
				SDKROOT = iphoneos;
				SWIFT_ACTIVE_COMPILATION_CONDITIONS = DEBUG;
				SWIFT_OPTIMIZATION_LEVEL = "-Onone";
			};
			name = Debug;
		};
		CECA2E5C25FBF87C0060259E /* Release */ = {
			isa = XCBuildConfiguration;
			buildSettings = {
				ALWAYS_SEARCH_USER_PATHS = NO;
				CLANG_ANALYZER_NONNULL = YES;
				CLANG_ANALYZER_NUMBER_OBJECT_CONVERSION = YES_AGGRESSIVE;
				CLANG_CXX_LANGUAGE_STANDARD = "gnu++14";
				CLANG_CXX_LIBRARY = "libc++";
				CLANG_ENABLE_MODULES = YES;
				CLANG_ENABLE_OBJC_ARC = YES;
				CLANG_ENABLE_OBJC_WEAK = YES;
				CLANG_WARN_BLOCK_CAPTURE_AUTORELEASING = YES;
				CLANG_WARN_BOOL_CONVERSION = YES;
				CLANG_WARN_COMMA = YES;
				CLANG_WARN_CONSTANT_CONVERSION = YES;
				CLANG_WARN_DEPRECATED_OBJC_IMPLEMENTATIONS = YES;
				CLANG_WARN_DIRECT_OBJC_ISA_USAGE = YES_ERROR;
				CLANG_WARN_DOCUMENTATION_COMMENTS = YES;
				CLANG_WARN_EMPTY_BODY = YES;
				CLANG_WARN_ENUM_CONVERSION = YES;
				CLANG_WARN_INFINITE_RECURSION = YES;
				CLANG_WARN_INT_CONVERSION = YES;
				CLANG_WARN_NON_LITERAL_NULL_CONVERSION = YES;
				CLANG_WARN_OBJC_IMPLICIT_RETAIN_SELF = YES;
				CLANG_WARN_OBJC_LITERAL_CONVERSION = YES;
				CLANG_WARN_OBJC_ROOT_CLASS = YES_ERROR;
				CLANG_WARN_QUOTED_INCLUDE_IN_FRAMEWORK_HEADER = YES;
				CLANG_WARN_RANGE_LOOP_ANALYSIS = YES;
				CLANG_WARN_STRICT_PROTOTYPES = YES;
				CLANG_WARN_SUSPICIOUS_MOVE = YES;
				CLANG_WARN_UNGUARDED_AVAILABILITY = YES_AGGRESSIVE;
				CLANG_WARN_UNREACHABLE_CODE = YES;
				CLANG_WARN__DUPLICATE_METHOD_MATCH = YES;
				COPY_PHASE_STRIP = NO;
				DEBUG_INFORMATION_FORMAT = "dwarf-with-dsym";
				ENABLE_NS_ASSERTIONS = NO;
				ENABLE_STRICT_OBJC_MSGSEND = YES;
				GCC_C_LANGUAGE_STANDARD = gnu11;
				GCC_NO_COMMON_BLOCKS = YES;
				GCC_WARN_64_TO_32_BIT_CONVERSION = YES;
				GCC_WARN_ABOUT_RETURN_TYPE = YES_ERROR;
				GCC_WARN_UNDECLARED_SELECTOR = YES;
				GCC_WARN_UNINITIALIZED_AUTOS = YES_AGGRESSIVE;
				GCC_WARN_UNUSED_FUNCTION = YES;
				GCC_WARN_UNUSED_VARIABLE = YES;
				IPHONEOS_DEPLOYMENT_TARGET = 14.4;
				MTL_ENABLE_DEBUG_INFO = NO;
				MTL_FAST_MATH = YES;
				SDKROOT = iphoneos;
				SWIFT_COMPILATION_MODE = wholemodule;
				SWIFT_OPTIMIZATION_LEVEL = "-O";
				VALIDATE_PRODUCT = YES;
			};
			name = Release;
		};
		CECA2E5E25FBF87C0060259E /* Debug */ = {
			isa = XCBuildConfiguration;
			baseConfigurationReference = 1B6FF7FB67A1E31540E85942 /* Pods-cocoapods.debug.xcconfig */;
			buildSettings = {
				ASSETCATALOG_COMPILER_APPICON_NAME = AppIcon;
				ASSETCATALOG_COMPILER_GLOBAL_ACCENT_COLOR_NAME = AccentColor;
				CODE_SIGN_STYLE = Automatic;
				DEVELOPMENT_ASSET_PATHS = "\"cocoapods/Preview Content\"";
				ENABLE_PREVIEWS = YES;
				INFOPLIST_FILE = cocoapods/Info.plist;
				IPHONEOS_DEPLOYMENT_TARGET = 14.0;
				LD_RUNPATH_SEARCH_PATHS = (
					"$(inherited)",
					"@executable_path/Frameworks",
				);
				PRODUCT_BUNDLE_IDENTIFIER = com.cenfotec.mov02.10.cocoapods;
				PRODUCT_NAME = "$(TARGET_NAME)";
				SWIFT_VERSION = 5.0;
				TARGETED_DEVICE_FAMILY = "1,2";
			};
			name = Debug;
		};
		CECA2E5F25FBF87C0060259E /* Release */ = {
			isa = XCBuildConfiguration;
			baseConfigurationReference = 10E750179EBA1E2F51CDD644 /* Pods-cocoapods.release.xcconfig */;
			buildSettings = {
				ASSETCATALOG_COMPILER_APPICON_NAME = AppIcon;
				ASSETCATALOG_COMPILER_GLOBAL_ACCENT_COLOR_NAME = AccentColor;
				CODE_SIGN_STYLE = Automatic;
				DEVELOPMENT_ASSET_PATHS = "\"cocoapods/Preview Content\"";
				ENABLE_PREVIEWS = YES;
				INFOPLIST_FILE = cocoapods/Info.plist;
				IPHONEOS_DEPLOYMENT_TARGET = 14.0;
				LD_RUNPATH_SEARCH_PATHS = (
					"$(inherited)",
					"@executable_path/Frameworks",
				);
				PRODUCT_BUNDLE_IDENTIFIER = com.cenfotec.mov02.10.cocoapods;
				PRODUCT_NAME = "$(TARGET_NAME)";
				SWIFT_VERSION = 5.0;
				TARGETED_DEVICE_FAMILY = "1,2";
			};
			name = Release;
		};
/* End XCBuildConfiguration section */

/* Begin XCConfigurationList section */
		CECA2E4925FBF87A0060259E /* Build configuration list for PBXProject "cocoapods" */ = {
			isa = XCConfigurationList;
			buildConfigurations = (
				CECA2E5B25FBF87C0060259E /* Debug */,
				CECA2E5C25FBF87C0060259E /* Release */,
			);
			defaultConfigurationIsVisible = 0;
			defaultConfigurationName = Release;
		};
		CECA2E5D25FBF87C0060259E /* Build configuration list for PBXNativeTarget "cocoapods" */ = {
			isa = XCConfigurationList;
			buildConfigurations = (
				CECA2E5E25FBF87C0060259E /* Debug */,
				CECA2E5F25FBF87C0060259E /* Release */,
			);
			defaultConfigurationIsVisible = 0;
			defaultConfigurationName = Release;
		};
/* End XCConfigurationList section */
	};
	rootObject = CECA2E4625FBF87A0060259E /* Project object */;
}
